{
  "name": "demo",
  "version": "1.0.0",
  "lockfileVersion": 1,
  "requires": true,
  "dependencies": {
    "bluebird": {
      "version": "3.5.2",
      "resolved": "https://registry.npmjs.org/bluebird/-/bluebird-3.5.2.tgz",
      "integrity": "sha512-dhHTWMI7kMx5whMQntl7Vr9C6BvV10lFXDAasnqnrMYhXVCzzk6IO9Fo2L75jXHT07WrOngL1WDXOp+yYS91Yg=="
    },
    "serverless-secrets-plugin": {
      "version": "0.1.0",
      "resolved": "https://registry.npmjs.org/serverless-secrets-plugin/-/serverless-secrets-plugin-0.1.0.tgz",
      "integrity": "sha512-WSMA3qtF1U4Gb3xmbVmy+K68jhWhZaCW1Vx/L5xQijWrUVe1NjhCw1HDnvvyjN2Rqlfj/mOMUlaZ2Xz5psxL3A==",
      "requires": {
        "bluebird": "^3.4.6"
      }
    }
  }
}
